
Microsoft Visual Studio Solution File, Format Version 12.00
# Visual Studio Version 17
VisualStudioVersion = 17.8.34330.188
MinimumVisualStudioVersion = 10.0.40219.1
Project("{9A19103F-16F7-4668-BE54-9A1E7A4F7556}") = "DataAccess", "DataAccess\DataAccess.csproj", "{AD53B704-3079-4D17-96FD-07B347D4879A}"
EndProject
Project("{9A19103F-16F7-4668-BE54-9A1E7A4F7556}") = "Business", "Business\Business.csproj", "{931B5407-1229-4F43-A28B-D6BFF8128331}"
EndProject
Project("{9A19103F-16F7-4668-BE54-9A1E7A4F7556}") = "Entities", "Entities\Entities.csproj", "{3ADA8C80-B64C-401C-8518-B61EAFBEA03F}"
EndProject
Project("{9A19103F-16F7-4668-BE54-9A1E7A4F7556}") = "ConsoleUI", "ConsoleUI\ConsoleUI.csproj", "{5ED2430F-0BC2-4C17-B045-F3246F9698FC}"
EndProject
Project("{FAE04EC0-301F-11D3-BF4B-00C04F79EFBC}") = "Core", "Core\Core.csproj", "{BDD63295-5B54-424C-BED4-FE0FC642B7B2}"
EndProject
Global
	GlobalSection(SolutionConfigurationPlatforms) = preSolution
		Debug|Any CPU = Debug|Any CPU
		Release|Any CPU = Release|Any CPU
	EndGlobalSection
	GlobalSection(ProjectConfigurationPlatforms) = postSolution
		{AD53B704-3079-4D17-96FD-07B347D4879A}.Debug|Any CPU.ActiveCfg = Debug|Any CPU
		{AD53B704-3079-4D17-96FD-07B347D4879A}.Debug|Any CPU.Build.0 = Debug|Any CPU
		{AD53B704-3079-4D17-96FD-07B347D4879A}.Release|Any CPU.ActiveCfg = Release|Any CPU
		{AD53B704-3079-4D17-96FD-07B347D4879A}.Release|Any CPU.Build.0 = Release|Any CPU
		{931B5407-1229-4F43-A28B-D6BFF8128331}.Debug|Any CPU.ActiveCfg = Debug|Any CPU
		{931B5407-1229-4F43-A28B-D6BFF8128331}.Debug|Any CPU.Build.0 = Debug|Any CPU
		{931B5407-1229-4F43-A28B-D6BFF8128331}.Release|Any CPU.ActiveCfg = Release|Any CPU
		{931B5407-1229-4F43-A28B-D6BFF8128331}.Release|Any CPU.Build.0 = Release|Any CPU
		{3ADA8C80-B64C-401C-8518-B61EAFBEA03F}.Debug|Any CPU.ActiveCfg = Debug|Any CPU
		{3ADA8C80-B64C-401C-8518-B61EAFBEA03F}.Debug|Any CPU.Build.0 = Debug|Any CPU
		{3ADA8C80-B64C-401C-8518-B61EAFBEA03F}.Release|Any CPU.ActiveCfg = Release|Any CPU
		{3ADA8C80-B64C-401C-8518-B61EAFBEA03F}.Release|Any CPU.Build.0 = Release|Any CPU
		{5ED2430F-0BC2-4C17-B045-F3246F9698FC}.Debug|Any CPU.ActiveCfg = Debug|Any CPU
		{5ED2430F-0BC2-4C17-B045-F3246F9698FC}.Debug|Any CPU.Build.0 = Debug|Any CPU
		{5ED2430F-0BC2-4C17-B045-F3246F9698FC}.Release|Any CPU.ActiveCfg = Release|Any CPU
		{5ED2430F-0BC2-4C17-B045-F3246F9698FC}.Release|Any CPU.Build.0 = Release|Any CPU
		{BDD63295-5B54-424C-BED4-FE0FC642B7B2}.Debug|Any CPU.ActiveCfg = Debug|Any CPU
		{BDD63295-5B54-424C-BED4-FE0FC642B7B2}.Debug|Any CPU.Build.0 = Debug|Any CPU
		{BDD63295-5B54-424C-BED4-FE0FC642B7B2}.Release|Any CPU.ActiveCfg = Release|Any CPU
		{BDD63295-5B54-424C-BED4-FE0FC642B7B2}.Release|Any CPU.Build.0 = Release|Any CPU
	EndGlobalSection
	GlobalSection(SolutionProperties) = preSolution
		HideSolutionNode = FALSE
	EndGlobalSection
	GlobalSection(ExtensibilityGlobals) = postSolution
		SolutionGuid = {A1A9359F-E0C6-4718-BDF2-1B5D6EB6F02F}
	EndGlobalSection
EndGlobal
